
Microsoft Visual Studio Solution File, Format Version 12.00
# Visual Studio Version 16
VisualStudioVersion = 16.0.29503.13
MinimumVisualStudioVersion = 10.0.40219.1
Project("{8BC9CEB8-8B4A-11D0-8D11-00A0C91BC942}") = "Trivia_Alon_Auri", "Trivia_Alon_Auri.vcxproj", "{E73155E9-4206-4DDB-AC29-000A5BFAE61A}"
EndProject
Project("{FAE04EC0-301F-11D3-BF4B-00C04F79EFBC}") = "Trivia_Client", "..\Trivia_Client\Trivia_Client.csproj", "{B337A305-758F-4B0B-95F9-31987417FF30}"
EndProject
Project("{FAE04EC0-301F-11D3-BF4B-00C04F79EFBC}") = "Trivia_Client", "Trivia_Client\Trivia_Client.csproj", "{E1FC66FE-418E-4DF6-8C08-C30DB2A9A358}"
EndProject
Global
	GlobalSection(SolutionConfigurationPlatforms) = preSolution
		Debug|Any CPU = Debug|Any CPU
		Debug|x64 = Debug|x64
		Debug|x86 = Debug|x86
		Release|Any CPU = Release|Any CPU
		Release|x64 = Release|x64
		Release|x86 = Release|x86
	EndGlobalSection
	GlobalSection(ProjectConfigurationPlatforms) = postSolution
		{E73155E9-4206-4DDB-AC29-000A5BFAE61A}.Debug|Any CPU.ActiveCfg = Debug|Win32
		{E73155E9-4206-4DDB-AC29-000A5BFAE61A}.Debug|x64.ActiveCfg = Debug|x64
		{E73155E9-4206-4DDB-AC29-000A5BFAE61A}.Debug|x64.Build.0 = Debug|x64
		{E73155E9-4206-4DDB-AC29-000A5BFAE61A}.Debug|x86.ActiveCfg = Debug|Win32
		{E73155E9-4206-4DDB-AC29-000A5BFAE61A}.Debug|x86.Build.0 = Debug|Win32
		{E73155E9-4206-4DDB-AC29-000A5BFAE61A}.Release|Any CPU.ActiveCfg = Release|Win32
		{E73155E9-4206-4DDB-AC29-000A5BFAE61A}.Release|x64.ActiveCfg = Release|x64
		{E73155E9-4206-4DDB-AC29-000A5BFAE61A}.Release|x64.Build.0 = Release|x64
		{E73155E9-4206-4DDB-AC29-000A5BFAE61A}.Release|x86.ActiveCfg = Release|Win32
		{E73155E9-4206-4DDB-AC29-000A5BFAE61A}.Release|x86.Build.0 = Release|Win32
		{B337A305-758F-4B0B-95F9-31987417FF30}.Debug|Any CPU.ActiveCfg = Debug|Any CPU
		{B337A305-758F-4B0B-95F9-31987417FF30}.Debug|Any CPU.Build.0 = Debug|Any CPU
		{B337A305-758F-4B0B-95F9-31987417FF30}.Debug|x64.ActiveCfg = Debug|Any CPU
		{B337A305-758F-4B0B-95F9-31987417FF30}.Debug|x64.Build.0 = Debug|Any CPU
		{B337A305-758F-4B0B-95F9-31987417FF30}.Debug|x86.ActiveCfg = Debug|Any CPU
		{B337A305-758F-4B0B-95F9-31987417FF30}.Debug|x86.Build.0 = Debug|Any CPU
		{B337A305-758F-4B0B-95F9-31987417FF30}.Release|Any CPU.ActiveCfg = Release|Any CPU
		{B337A305-758F-4B0B-95F9-31987417FF30}.Release|Any CPU.Build.0 = Release|Any CPU
		{B337A305-758F-4B0B-95F9-31987417FF30}.Release|x64.ActiveCfg = Release|Any CPU
		{B337A305-758F-4B0B-95F9-31987417FF30}.Release|x64.Build.0 = Release|Any CPU
		{B337A305-758F-4B0B-95F9-31987417FF30}.Release|x86.ActiveCfg = Release|Any CPU
		{B337A305-758F-4B0B-95F9-31987417FF30}.Release|x86.Build.0 = Release|Any CPU
	EndGlobalSection
	GlobalSection(SolutionProperties) = preSolution
		HideSolutionNode = FALSE
	EndGlobalSection
	GlobalSection(ExtensibilityGlobals) = postSolution
		SolutionGuid = {9E4265B5-AA0C-4DD3-8617-8D47A6ADDFF3}
	EndGlobalSection
EndGlobal
